<?xml version="1.0" encoding="UTF-8" standalone="yes" ?>
<CodeBlocks_project_file>
	<FileVersion major="1" minor="6" />
	<Project>
		<Option title="Game Characters" />
		<Option pch_mode="2" />
		<Option compiler="gcc" />
		<Build>
			<Target title="Debug">
				<Option output="bin/Debug/SDL Example" prefix_auto="1" extension_auto="1" />
				<Option object_output="obj/Debug/" />
				<Option type="1" />
				<Option compiler="gcc" />
				<Compiler>
					<Add option="-g" />
				</Compiler>
			</Target>
			<Target title="Release">
				<Option output="bin/Release/SDL Example" prefix_auto="1" extension_auto="1" />
				<Option object_output="obj/Release/" />
				<Option type="1" />
				<Option compiler="gcc" />
				<Compiler>
					<Add option="-O2" />
				</Compiler>
				<Linker>
					<Add option="-s" />
				</Linker>
			</Target>
		</Build>
		<Compiler>
			<Add option="-Wall" />
			<Add directory="/usr/include/SDL2" />
		</Compiler>
		<Linker>
			<Add option="-lSDL2main" />
			<Add option="-lSDL2" />
			<Add library="/usr/lib/x86_64-linux-gnu/libSDL2.a" />
			<Add library="/usr/lib/x86_64-linux-gnu/libSDL2_image.a" />
			<Add library="/usr/lib/x86_64-linux-gnu/libSDL2main.a" />
			<Add directory="/usr/lib/x86_64-linux-gnu/" />
		</Linker>
		<Unit filename="Characters.cpp" />
		<Unit filename="Characters.hpp" />
		<Unit filename="main.cpp" />
		<Extensions>
			<code_completion />
			<envvars />
			<debugger />
			<lib_finder disable_auto="1" />
		</Extensions>
	</Project>
</CodeBlocks_project_file>
